// !$*UTF8*$!
{
	archiveVersion = 1;
	classes = {
	};
	objectVersion = 46;
	objects = {

/* Begin PBXBuildFile section */
		251FEFB7085670D800D38B8E /* Cocoa.framework in Frameworks */ = {isa = PBXBuildFile; fileRef = 251FEFB6085670D800D38B8E /* Cocoa.framework */; };
		258C2B710A2D713E00AC22BB /* IOKit.framework in Frameworks */ = {isa = PBXBuildFile; fileRef = 258C2B700A2D713E00AC22BB /* IOKit.framework */; };
		3E085CBC065C79EE005286A3 /* play.png in Resources */ = {isa = PBXBuildFile; fileRef = 3E085CBB065C79EE005286A3 /* play.png */; };
		3E452FF10664719D00BC91B0 /* NoirIcon.icns in Resources */ = {isa = PBXBuildFile; fileRef = 3E452FF00664719D00BC91B0 /* NoirIcon.icns */; };
		3E4DF83706630D50001B9AC5 /* Credits.html in Resources */ = {isa = PBXBuildFile; fileRef = 3E4DF83506630D50001B9AC5 /* Credits.html */; };
		3E8CC454068AA1290034FCCC /* close.png in Resources */ = {isa = PBXBuildFile; fileRef = 3E8CC450068AA1290034FCCC /* close.png */; };
		3E8CC456068AA1290034FCCC /* minimize.png in Resources */ = {isa = PBXBuildFile; fileRef = 3E8CC452068AA1290034FCCC /* minimize.png */; };
		3E95D4A106613F05008755D1 /* BlackWindow.h in Headers */ = {isa = PBXBuildFile; fileRef = 3E95D49F06613F05008755D1 /* BlackWindow.h */; };
		3E95D4A206613F05008755D1 /* BlackWindow.m in Sources */ = {isa = PBXBuildFile; fileRef = 3E95D4A006613F05008755D1 /* BlackWindow.m */; };
		3E9E62900661708200B788A8 /* NoirScrubber.h in Headers */ = {isa = PBXBuildFile; fileRef = 3E9E628E0661708200B788A8 /* NoirScrubber.h */; };
		3E9E62910661708200B788A8 /* NoirScrubber.m in Sources */ = {isa = PBXBuildFile; fileRef = 3E9E628F0661708200B788A8 /* NoirScrubber.m */; };
		3E9E62990661724600B788A8 /* scrubber.png in Resources */ = {isa = PBXBuildFile; fileRef = 3E9E62940661724600B788A8 /* scrubber.png */; };
		3E9E64820661B95900B788A8 /* pause.png in Resources */ = {isa = PBXBuildFile; fileRef = 3E9E64800661B95900B788A8 /* pause.png */; };
		3E9E64830661B95900B788A8 /* pauseClick.png in Resources */ = {isa = PBXBuildFile; fileRef = 3E9E64810661B95900B788A8 /* pauseClick.png */; };
		3EC8C601065DD31F00988449 /* playClick.png in Resources */ = {isa = PBXBuildFile; fileRef = 3EC8C5FE065DD31F00988449 /* playClick.png */; };
		3EDA2682065C8E570000CCEE /* OverlayWindow.h in Headers */ = {isa = PBXBuildFile; fileRef = 3EDA2680065C8E570000CCEE /* OverlayWindow.h */; };
		3EDA2683065C8E570000CCEE /* OverlayWindow.m in Sources */ = {isa = PBXBuildFile; fileRef = 3EDA2681065C8E570000CCEE /* OverlayWindow.m */; };
		3EEDF762065B4CFF00E3545C /* black.png in Resources */ = {isa = PBXBuildFile; fileRef = 3EEDF761065B4CFF00E3545C /* black.png */; };
		3EEDF765065B507B00E3545C /* NoirWindow.h in Headers */ = {isa = PBXBuildFile; fileRef = 3EEDF763065B507B00E3545C /* NoirWindow.h */; };
		3EEDF766065B507B00E3545C /* NoirWindow.m in Sources */ = {isa = PBXBuildFile; fileRef = 3EEDF764065B507B00E3545C /* NoirWindow.m */; };
		3EEDF76D065B5ACD00E3545C /* NoirController.h in Headers */ = {isa = PBXBuildFile; fileRef = 3EEDF76B065B5ACD00E3545C /* NoirController.h */; };
		3EEDF76E065B5ACD00E3545C /* NoirController.m in Sources */ = {isa = PBXBuildFile; fileRef = 3EEDF76C065B5ACD00E3545C /* NoirController.m */; };
		69257CFB111DD28300C28210 /* MainMenu.xib in Resources */ = {isa = PBXBuildFile; fileRef = 69257CF9111DD28300C28210 /* MainMenu.xib */; };
		69257CFF111DD2A700C28210 /* NoirDocument.xib in Resources */ = {isa = PBXBuildFile; fileRef = 69257CFD111DD2A700C28210 /* NoirDocument.xib */; };
		8D15AC2A0486D014006FF6A4 /* NoirDocument.h in Headers */ = {isa = PBXBuildFile; fileRef = 2A37F4AEFDCFA73011CA2CEA /* NoirDocument.h */; };
		8D15AC2F0486D014006FF6A4 /* InfoPlist.strings in Resources */ = {isa = PBXBuildFile; fileRef = 089C165FFE840EACC02AAC07 /* InfoPlist.strings */; };
		8D15AC310486D014006FF6A4 /* NoirDocument.m in Sources */ = {isa = PBXBuildFile; fileRef = 2A37F4ACFDCFA73011CA2CEA /* NoirDocument.m */; settings = {ATTRIBUTES = (); }; };
		8D15AC320486D014006FF6A4 /* main.m in Sources */ = {isa = PBXBuildFile; fileRef = 2A37F4B0FDCFA73011CA2CEA /* main.m */; settings = {ATTRIBUTES = (); }; };
		AA339A771CCCF1FD0024153F /* NoirRootView.h in Headers */ = {isa = PBXBuildFile; fileRef = AA339A751CCCF1FD0024153F /* NoirRootView.h */; };
		AA339A781CCCF1FD0024153F /* NoirRootView.m in Sources */ = {isa = PBXBuildFile; fileRef = AA339A761CCCF1FD0024153F /* NoirRootView.m */; };
		AA561CD21CCAB471008021B8 /* NoirOverlayView.h in Headers */ = {isa = PBXBuildFile; fileRef = AA561CD01CCAB471008021B8 /* NoirOverlayView.h */; };
		AA561CD31CCAB471008021B8 /* NoirOverlayView.m in Sources */ = {isa = PBXBuildFile; fileRef = AA561CD11CCAB471008021B8 /* NoirOverlayView.m */; };
		AA79F8651CD54DD9006D473F /* libavPlayer.framework in Frameworks */ = {isa = PBXBuildFile; fileRef = AA79F8641CD54DD9006D473F /* libavPlayer.framework */; };
		AA79F8671CD54EC1006D473F /* libavPlayer.framework in Copy Frameworks */ = {isa = PBXBuildFile; fileRef = AA79F8641CD54DD9006D473F /* libavPlayer.framework */; settings = {ATTRIBUTES = (CodeSignOnCopy, RemoveHeadersOnCopy, ); }; };
		AA81D9D51CC538D500827BED /* document.icns in Resources */ = {isa = PBXBuildFile; fileRef = AA81D9D41CC538D500827BED /* document.icns */; };
/* End PBXBuildFile section */

/* Begin PBXCopyFilesBuildPhase section */
		AA79F8661CD54EA6006D473F /* Copy Frameworks */ = {
			isa = PBXCopyFilesBuildPhase;
			buildActionMask = 2147483647;
			dstPath = "";
			dstSubfolderSpec = 10;
			files = (
				AA79F8671CD54EC1006D473F /* libavPlayer.framework in Copy Frameworks */,
			);
			name = "Copy Frameworks";
			runOnlyForDeploymentPostprocessing = 0;
		};
/* End PBXCopyFilesBuildPhase section */

/* Begin PBXFileReference section */
		089C1660FE840EACC02AAC07 /* English */ = {isa = PBXFileReference; fileEncoding = 10; lastKnownFileType = text.plist.strings; name = English; path = English.lproj/InfoPlist.strings; sourceTree = "<group>"; };
		251FEFB6085670D800D38B8E /* Cocoa.framework */ = {isa = PBXFileReference; lastKnownFileType = wrapper.framework; name = Cocoa.framework; path = /System/Library/Frameworks/Cocoa.framework; sourceTree = "<absolute>"; };
		258C2B700A2D713E00AC22BB /* IOKit.framework */ = {isa = PBXFileReference; lastKnownFileType = wrapper.framework; name = IOKit.framework; path = /System/Library/Frameworks/IOKit.framework; sourceTree = "<absolute>"; };
		2A37F4ACFDCFA73011CA2CEA /* NoirDocument.m */ = {isa = PBXFileReference; fileEncoding = 30; lastKnownFileType = sourcecode.c.objc; name = NoirDocument.m; path = src/NoirDocument.m; sourceTree = "<group>"; };
		2A37F4AEFDCFA73011CA2CEA /* NoirDocument.h */ = {isa = PBXFileReference; fileEncoding = 30; lastKnownFileType = sourcecode.c.h; name = NoirDocument.h; path = src/NoirDocument.h; sourceTree = "<group>"; };
		2A37F4B0FDCFA73011CA2CEA /* main.m */ = {isa = PBXFileReference; fileEncoding = 30; lastKnownFileType = sourcecode.c.objc; name = main.m; path = src/main.m; sourceTree = "<group>"; };
		3E085CBB065C79EE005286A3 /* play.png */ = {isa = PBXFileReference; lastKnownFileType = image.png; name = play.png; path = Resources/play.png; sourceTree = "<group>"; };
		3E452FF00664719D00BC91B0 /* NoirIcon.icns */ = {isa = PBXFileReference; lastKnownFileType = image.icns; name = NoirIcon.icns; path = Resources/NoirIcon.icns; sourceTree = "<group>"; };
		3E4DF83606630D50001B9AC5 /* English */ = {isa = PBXFileReference; fileEncoding = 4; lastKnownFileType = text.html; name = English; path = English.lproj/Credits.html; sourceTree = "<group>"; };
		3E8CC450068AA1290034FCCC /* close.png */ = {isa = PBXFileReference; lastKnownFileType = image.png; name = close.png; path = Resources/close.png; sourceTree = "<group>"; };
		3E8CC452068AA1290034FCCC /* minimize.png */ = {isa = PBXFileReference; lastKnownFileType = image.png; name = minimize.png; path = Resources/minimize.png; sourceTree = "<group>"; };
		3E95D49F06613F05008755D1 /* BlackWindow.h */ = {isa = PBXFileReference; fileEncoding = 4; lastKnownFileType = sourcecode.c.h; name = BlackWindow.h; path = src/BlackWindow.h; sourceTree = "<group>"; };
		3E95D4A006613F05008755D1 /* BlackWindow.m */ = {isa = PBXFileReference; fileEncoding = 4; lastKnownFileType = sourcecode.c.objc; name = BlackWindow.m; path = src/BlackWindow.m; sourceTree = "<group>"; };
		3E9E628E0661708200B788A8 /* NoirScrubber.h */ = {isa = PBXFileReference; fileEncoding = 4; lastKnownFileType = sourcecode.c.h; name = NoirScrubber.h; path = src/NoirScrubber.h; sourceTree = "<group>"; };
		3E9E628F0661708200B788A8 /* NoirScrubber.m */ = {isa = PBXFileReference; fileEncoding = 4; lastKnownFileType = sourcecode.c.objc; name = NoirScrubber.m; path = src/NoirScrubber.m; sourceTree = "<group>"; };
		3E9E62940661724600B788A8 /* scrubber.png */ = {isa = PBXFileReference; lastKnownFileType = image.png; name = scrubber.png; path = Resources/scrubber.png; sourceTree = "<group>"; };
		3E9E64800661B95900B788A8 /* pause.png */ = {isa = PBXFileReference; lastKnownFileType = image.png; name = pause.png; path = Resources/pause.png; sourceTree = "<group>"; };
		3E9E64810661B95900B788A8 /* pauseClick.png */ = {isa = PBXFileReference; lastKnownFileType = image.png; name = pauseClick.png; path = Resources/pauseClick.png; sourceTree = "<group>"; };
		3EC8C5FE065DD31F00988449 /* playClick.png */ = {isa = PBXFileReference; lastKnownFileType = image.png; name = playClick.png; path = Resources/playClick.png; sourceTree = "<group>"; };
		3EDA2680065C8E570000CCEE /* OverlayWindow.h */ = {isa = PBXFileReference; fileEncoding = 4; lastKnownFileType = sourcecode.c.h; name = OverlayWindow.h; path = src/OverlayWindow.h; sourceTree = "<group>"; };
		3EDA2681065C8E570000CCEE /* OverlayWindow.m */ = {isa = PBXFileReference; fileEncoding = 4; lastKnownFileType = sourcecode.c.objc; name = OverlayWindow.m; path = src/OverlayWindow.m; sourceTree = "<group>"; };
		3EEDF761065B4CFF00E3545C /* black.png */ = {isa = PBXFileReference; lastKnownFileType = image.png; name = black.png; path = Resources/black.png; sourceTree = "<group>"; };
		3EEDF763065B507B00E3545C /* NoirWindow.h */ = {isa = PBXFileReference; fileEncoding = 4; lastKnownFileType = sourcecode.c.h; name = NoirWindow.h; path = src/NoirWindow.h; sourceTree = "<group>"; };
		3EEDF764065B507B00E3545C /* NoirWindow.m */ = {isa = PBXFileReference; fileEncoding = 4; lastKnownFileType = sourcecode.c.objc; name = NoirWindow.m; path = src/NoirWindow.m; sourceTree = "<group>"; };
		3EEDF76B065B5ACD00E3545C /* NoirController.h */ = {isa = PBXFileReference; fileEncoding = 4; lastKnownFileType = sourcecode.c.h; name = NoirController.h; path = src/NoirController.h; sourceTree = "<group>"; };
		3EEDF76C065B5ACD00E3545C /* NoirController.m */ = {isa = PBXFileReference; fileEncoding = 4; lastKnownFileType = sourcecode.c.objc; name = NoirController.m; path = src/NoirController.m; sourceTree = "<group>"; };
		69257CFA111DD28300C28210 /* English */ = {isa = PBXFileReference; lastKnownFileType = file.xib; name = English; path = English.lproj/MainMenu.xib; sourceTree = "<group>"; };
		69257CFE111DD2A700C28210 /* English */ = {isa = PBXFileReference; lastKnownFileType = file.xib; name = English; path = English.lproj/NoirDocument.xib; sourceTree = "<group>"; };
		8D15AC360486D014006FF6A4 /* Info.plist */ = {isa = PBXFileReference; fileEncoding = 4; lastKnownFileType = text.plist; path = Info.plist; sourceTree = "<group>"; };
		8D15AC370486D014006FF6A4 /* NoirPlayer.app */ = {isa = PBXFileReference; explicitFileType = wrapper.application; includeInIndex = 0; path = NoirPlayer.app; sourceTree = BUILT_PRODUCTS_DIR; };
		AA339A751CCCF1FD0024153F /* NoirRootView.h */ = {isa = PBXFileReference; fileEncoding = 4; lastKnownFileType = sourcecode.c.h; name = NoirRootView.h; path = src/NoirRootView.h; sourceTree = "<group>"; };
		AA339A761CCCF1FD0024153F /* NoirRootView.m */ = {isa = PBXFileReference; fileEncoding = 4; lastKnownFileType = sourcecode.c.objc; name = NoirRootView.m; path = src/NoirRootView.m; sourceTree = "<group>"; };
		AA561CD01CCAB471008021B8 /* NoirOverlayView.h */ = {isa = PBXFileReference; fileEncoding = 4; lastKnownFileType = sourcecode.c.h; name = NoirOverlayView.h; path = src/NoirOverlayView.h; sourceTree = "<group>"; };
		AA561CD11CCAB471008021B8 /* NoirOverlayView.m */ = {isa = PBXFileReference; fileEncoding = 4; lastKnownFileType = sourcecode.c.objc; name = NoirOverlayView.m; path = src/NoirOverlayView.m; sourceTree = "<group>"; };
		AA79F8641CD54DD9006D473F /* libavPlayer.framework */ = {isa = PBXFileReference; lastKnownFileType = wrapper.framework; path = libavPlayer.framework; sourceTree = "<group>"; };
		AA81D9D41CC538D500827BED /* document.icns */ = {isa = PBXFileReference; lastKnownFileType = image.icns; name = document.icns; path = Resources/document.icns; sourceTree = "<group>"; };
/* End PBXFileReference section */

/* Begin PBXFrameworksBuildPhase section */
		8D15AC330486D014006FF6A4 /* Frameworks */ = {
			isa = PBXFrameworksBuildPhase;
			buildActionMask = 2147483647;
			files = (
				AA79F8651CD54DD9006D473F /* libavPlayer.framework in Frameworks */,
				251FEFB7085670D800D38B8E /* Cocoa.framework in Frameworks */,
				258C2B710A2D713E00AC22BB /* IOKit.framework in Frameworks */,
			);
			runOnlyForDeploymentPostprocessing = 0;
		};
/* End PBXFrameworksBuildPhase section */

/* Begin PBXGroup section */
		1058C7A6FEA54F5311CA2CBB /* Linked Frameworks */ = {
			isa = PBXGroup;
			children = (
				258C2B700A2D713E00AC22BB /* IOKit.framework */,
				251FEFB6085670D800D38B8E /* Cocoa.framework */,
			);
			name = "Linked Frameworks";
			sourceTree = "<group>";
		};
		19C28FB0FE9D524F11CA2CBB /* Products */ = {
			isa = PBXGroup;
			children = (
				8D15AC370486D014006FF6A4 /* NoirPlayer.app */,
			);
			name = Products;
			sourceTree = "<group>";
		};
		2513D20407BDA31600BB6055 /* Images */ = {
			isa = PBXGroup;
			children = (
				3E8CC450068AA1290034FCCC /* close.png */,
				3E8CC452068AA1290034FCCC /* minimize.png */,
				3E9E64800661B95900B788A8 /* pause.png */,
				3E9E64810661B95900B788A8 /* pauseClick.png */,
				3E9E62940661724600B788A8 /* scrubber.png */,
				3EC8C5FE065DD31F00988449 /* playClick.png */,
				3E085CBB065C79EE005286A3 /* play.png */,
				3EEDF761065B4CFF00E3545C /* black.png */,
			);
			name = Images;
			sourceTree = "<group>";
		};
		2A37F4AAFDCFA73011CA2CEA /* NoirPlayer */ = {
			isa = PBXGroup;
			children = (
				2A37F4ABFDCFA73011CA2CEA /* src */,
				2A37F4B8FDCFA73011CA2CEA /* Resources */,
				2A37F4C3FDCFA73011CA2CEA /* Frameworks */,
				19C28FB0FE9D524F11CA2CBB /* Products */,
				AA79F8641CD54DD9006D473F /* libavPlayer.framework */,
			);
			name = NoirPlayer;
			sourceTree = "<group>";
		};
		2A37F4ABFDCFA73011CA2CEA /* src */ = {
			isa = PBXGroup;
			children = (
				AA339A751CCCF1FD0024153F /* NoirRootView.h */,
				AA339A761CCCF1FD0024153F /* NoirRootView.m */,
				2A37F4B0FDCFA73011CA2CEA /* main.m */,
				3EEDF763065B507B00E3545C /* NoirWindow.h */,
				3EEDF764065B507B00E3545C /* NoirWindow.m */,
				3EEDF76B065B5ACD00E3545C /* NoirController.h */,
				3EEDF76C065B5ACD00E3545C /* NoirController.m */,
				2A37F4AEFDCFA73011CA2CEA /* NoirDocument.h */,
				2A37F4ACFDCFA73011CA2CEA /* NoirDocument.m */,
				AA561CD01CCAB471008021B8 /* NoirOverlayView.h */,
				AA561CD11CCAB471008021B8 /* NoirOverlayView.m */,
				3EDA2680065C8E570000CCEE /* OverlayWindow.h */,
				3EDA2681065C8E570000CCEE /* OverlayWindow.m */,
				3E95D49F06613F05008755D1 /* BlackWindow.h */,
				3E95D4A006613F05008755D1 /* BlackWindow.m */,
				3E9E628E0661708200B788A8 /* NoirScrubber.h */,
				3E9E628F0661708200B788A8 /* NoirScrubber.m */,
			);
			name = src;
			sourceTree = "<group>";
		};
		2A37F4B8FDCFA73011CA2CEA /* Resources */ = {
			isa = PBXGroup;
			children = (
				69257CFD111DD2A700C28210 /* NoirDocument.xib */,
				AA81D9D41CC538D500827BED /* document.icns */,
				2513D20407BDA31600BB6055 /* Images */,
				3E452FF00664719D00BC91B0 /* NoirIcon.icns */,
				69257CF9111DD28300C28210 /* MainMenu.xib */,
				3E4DF83506630D50001B9AC5 /* Credits.html */,
				8D15AC360486D014006FF6A4 /* Info.plist */,
				089C165FFE840EACC02AAC07 /* InfoPlist.strings */,
			);
			name = Resources;
			sourceTree = "<group>";
		};
		2A37F4C3FDCFA73011CA2CEA /* Frameworks */ = {
			isa = PBXGroup;
			children = (
				1058C7A6FEA54F5311CA2CBB /* Linked Frameworks */,
			);
			name = Frameworks;
			sourceTree = "<group>";
		};
/* End PBXGroup section */

/* Begin PBXHeadersBuildPhase section */
		8D15AC280486D014006FF6A4 /* Headers */ = {
			isa = PBXHeadersBuildPhase;
			buildActionMask = 2147483647;
			files = (
				8D15AC2A0486D014006FF6A4 /* NoirDocument.h in Headers */,
				AA339A771CCCF1FD0024153F /* NoirRootView.h in Headers */,
				3EEDF765065B507B00E3545C /* NoirWindow.h in Headers */,
				3EEDF76D065B5ACD00E3545C /* NoirController.h in Headers */,
				3EDA2682065C8E570000CCEE /* OverlayWindow.h in Headers */,
				3E95D4A106613F05008755D1 /* BlackWindow.h in Headers */,
				3E9E62900661708200B788A8 /* NoirScrubber.h in Headers */,
				AA561CD21CCAB471008021B8 /* NoirOverlayView.h in Headers */,
			);
			runOnlyForDeploymentPostprocessing = 0;
		};
/* End PBXHeadersBuildPhase section */

/* Begin PBXNativeTarget section */
		8D15AC270486D014006FF6A4 /* NoirPlayer */ = {
			isa = PBXNativeTarget;
			buildConfigurationList = 251FEF6F0855184200D38B8E /* Build configuration list for PBXNativeTarget "NoirPlayer" */;
			buildPhases = (
				8D15AC280486D014006FF6A4 /* Headers */,
				8D15AC2B0486D014006FF6A4 /* Resources */,
				8D15AC300486D014006FF6A4 /* Sources */,
				8D15AC330486D014006FF6A4 /* Frameworks */,
				AA79F8661CD54EA6006D473F /* Copy Frameworks */,
			);
			buildRules = (
			);
			dependencies = (
			);
			name = NoirPlayer;
			productInstallPath = "$(HOME)/Applications";
			productName = NoirPlayer;
			productReference = 8D15AC370486D014006FF6A4 /* NoirPlayer.app */;
			productType = "com.apple.product-type.application";
		};
/* End PBXNativeTarget section */

/* Begin PBXProject section */
		2A37F4A9FDCFA73011CA2CEA /* Project object */ = {
			isa = PBXProject;
			attributes = {
				LastUpgradeCheck = 0730;
			};
			buildConfigurationList = 251FEF770855184200D38B8E /* Build configuration list for PBXProject "NoirPlayer" */;
			compatibilityVersion = "Xcode 3.2";
			developmentRegion = English;
			hasScannedForEncodings = 1;
			knownRegions = (
				English,
				Japanese,
				French,
				German,
				Chinese,
				zh_CN,
			);
			mainGroup = 2A37F4AAFDCFA73011CA2CEA /* NoirPlayer */;
			projectDirPath = "";
			projectRoot = "";
			targets = (
				8D15AC270486D014006FF6A4 /* NoirPlayer */,
			);
		};
/* End PBXProject section */

/* Begin PBXResourcesBuildPhase section */
		8D15AC2B0486D014006FF6A4 /* Resources */ = {
			isa = PBXResourcesBuildPhase;
			buildActionMask = 2147483647;
			files = (
				8D15AC2F0486D014006FF6A4 /* InfoPlist.strings in Resources */,
				3EEDF762065B4CFF00E3545C /* black.png in Resources */,
				3E085CBC065C79EE005286A3 /* play.png in Resources */,
				3EC8C601065DD31F00988449 /* playClick.png in Resources */,
				3E9E62990661724600B788A8 /* scrubber.png in Resources */,
				3E9E64820661B95900B788A8 /* pause.png in Resources */,
				3E9E64830661B95900B788A8 /* pauseClick.png in Resources */,
				AA81D9D51CC538D500827BED /* document.icns in Resources */,
				3E4DF83706630D50001B9AC5 /* Credits.html in Resources */,
				3E452FF10664719D00BC91B0 /* NoirIcon.icns in Resources */,
				3E8CC454068AA1290034FCCC /* close.png in Resources */,
				3E8CC456068AA1290034FCCC /* minimize.png in Resources */,
				69257CFB111DD28300C28210 /* MainMenu.xib in Resources */,
				69257CFF111DD2A700C28210 /* NoirDocument.xib in Resources */,
			);
			runOnlyForDeploymentPostprocessing = 0;
		};
/* End PBXResourcesBuildPhase section */

/* Begin PBXSourcesBuildPhase section */
		8D15AC300486D014006FF6A4 /* Sources */ = {
			isa = PBXSourcesBuildPhase;
			buildActionMask = 2147483647;
			files = (
				8D15AC310486D014006FF6A4 /* NoirDocument.m in Sources */,
				8D15AC320486D014006FF6A4 /* main.m in Sources */,
				3EEDF766065B507B00E3545C /* NoirWindow.m in Sources */,
				3EEDF76E065B5ACD00E3545C /* NoirController.m in Sources */,
				3EDA2683065C8E570000CCEE /* OverlayWindow.m in Sources */,
				3E95D4A206613F05008755D1 /* BlackWindow.m in Sources */,
				3E9E62910661708200B788A8 /* NoirScrubber.m in Sources */,
				AA561CD31CCAB471008021B8 /* NoirOverlayView.m in Sources */,
				AA339A781CCCF1FD0024153F /* NoirRootView.m in Sources */,
			);
			runOnlyForDeploymentPostprocessing = 0;
		};
/* End PBXSourcesBuildPhase section */

/* Begin PBXVariantGroup section */
		089C165FFE840EACC02AAC07 /* InfoPlist.strings */ = {
			isa = PBXVariantGroup;
			children = (
				089C1660FE840EACC02AAC07 /* English */,
			);
			name = InfoPlist.strings;
			sourceTree = "<group>";
		};
		3E4DF83506630D50001B9AC5 /* Credits.html */ = {
			isa = PBXVariantGroup;
			children = (
				3E4DF83606630D50001B9AC5 /* English */,
			);
			name = Credits.html;
			sourceTree = "<group>";
		};
		69257CF9111DD28300C28210 /* MainMenu.xib */ = {
			isa = PBXVariantGroup;
			children = (
				69257CFA111DD28300C28210 /* English */,
			);
			name = MainMenu.xib;
			sourceTree = "<group>";
		};
		69257CFD111DD2A700C28210 /* NoirDocument.xib */ = {
			isa = PBXVariantGroup;
			children = (
				69257CFE111DD2A700C28210 /* English */,
			);
			name = NoirDocument.xib;
			sourceTree = "<group>";
		};
/* End PBXVariantGroup section */

/* Begin XCBuildConfiguration section */
		251FEF700855184200D38B8E /* Debug */ = {
			isa = XCBuildConfiguration;
			buildSettings = {
				BUILD_VARIANTS = normal;
				CLANG_ENABLE_MODULES = YES;
				CLANG_ENABLE_OBJC_ARC = YES;
				COMBINE_HIDPI_IMAGES = YES;
				COPY_PHASE_STRIP = NO;
				DEBUGGING_SYMBOLS = YES;
				DEPLOYMENT_POSTPROCESSING = YES;
				FRAMEWORK_SEARCH_PATHS = (
					"$(inherited)",
					"$(PROJECT_DIR)",
				);
				GCC_DYNAMIC_NO_PIC = NO;
				GCC_ENABLE_OBJC_EXCEPTIONS = YES;
				GCC_GENERATE_DEBUGGING_SYMBOLS = YES;
				GCC_OPTIMIZATION_LEVEL = 0;
				GCC_PREPROCESSOR_DEFINITIONS = "";
				GCC_WARN_ABOUT_MISSING_PROTOTYPES = NO;
				GCC_WARN_CHECK_SWITCH_STATEMENTS = YES;
				GCC_WARN_FOUR_CHARACTER_CONSTANTS = NO;
				GCC_WARN_MISSING_PARENTHESES = YES;
				GCC_WARN_SHADOW = YES;
				GCC_WARN_SIGN_COMPARE = YES;
				GCC_WARN_UNKNOWN_PRAGMAS = NO;
				GCC_WARN_UNUSED_FUNCTION = YES;
				GCC_WARN_UNUSED_PARAMETER = NO;
				GCC_WARN_UNUSED_VALUE = YES;
				GCC_WARN_UNUSED_VARIABLE = YES;
				INFOPLIST_FILE = Info.plist;
				INSTALL_PATH = "$(HOME)/Applications";
				MACOSX_DEPLOYMENT_TARGET = 10.6;
				OTHER_LDFLAGS = (
					"-sectcreate",
					__TEXT,
					__info_plist,
					Info.plist,
				);
				PRODUCT_BUNDLE_IDENTIFIER = uk.me.clav.noirplayer;
				PRODUCT_NAME = NoirPlayer;
				RUN_CLANG_STATIC_ANALYZER = YES;
				SDKROOT = macosx;
				SECTORDER_FLAGS = "";
				WARNING_CFLAGS = (
					"-Wmost",
					"-Wno-four-char-constants",
					"-Wno-unknown-pragmas",
					"-Wno-protocol",
					"-Wno-trigraphs",
				);
				WRAPPER_EXTENSION = app;
				ZERO_LINK = NO;
			};
			name = Debug;
		};
		251FEF710855184200D38B8E /* Release */ = {
			isa = XCBuildConfiguration;
			buildSettings = {
				CLANG_ENABLE_MODULES = YES;
				CLANG_ENABLE_OBJC_ARC = YES;
				COMBINE_HIDPI_IMAGES = YES;
				COPY_PHASE_STRIP = YES;
				DEPLOYMENT_POSTPROCESSING = YES;
				FRAMEWORK_SEARCH_PATHS = (
					"$(inherited)",
					"$(PROJECT_DIR)",
				);
				GCC_ENABLE_OBJC_EXCEPTIONS = YES;
				GCC_GENERATE_DEBUGGING_SYMBOLS = NO;
				GCC_PREPROCESSOR_DEFINITIONS = "";
				GCC_WARN_ABOUT_MISSING_PROTOTYPES = NO;
				GCC_WARN_CHECK_SWITCH_STATEMENTS = YES;
				GCC_WARN_FOUR_CHARACTER_CONSTANTS = NO;
				GCC_WARN_MISSING_PARENTHESES = YES;
				GCC_WARN_SHADOW = YES;
				GCC_WARN_SIGN_COMPARE = YES;
				GCC_WARN_UNKNOWN_PRAGMAS = NO;
				GCC_WARN_UNUSED_FUNCTION = YES;
				GCC_WARN_UNUSED_PARAMETER = NO;
				GCC_WARN_UNUSED_VALUE = YES;
				GCC_WARN_UNUSED_VARIABLE = YES;
				INFOPLIST_FILE = Info.plist;
				INSTALL_PATH = "$(HOME)/Applications";
				MACOSX_DEPLOYMENT_TARGET = 10.6;
				OTHER_LDFLAGS = (
					"-sectcreate",
					__TEXT,
					__info_plist,
					Info.plist,
				);
				PRODUCT_BUNDLE_IDENTIFIER = uk.me.clav.noirplayer;
				PRODUCT_NAME = NoirPlayer;
				RUN_CLANG_STATIC_ANALYZER = YES;
				SDKROOT = macosx;
				SECTORDER_FLAGS = "";
				WARNING_CFLAGS = (
					"-Wmost",
					"-Wno-four-char-constants",
					"-Wno-unknown-pragmas",
					"-Wno-protocol",
					"-Wno-trigraphs",
				);
				WRAPPER_EXTENSION = app;
				ZERO_LINK = NO;
			};
			name = Release;
		};
		251FEF780855184200D38B8E /* Debug */ = {
			isa = XCBuildConfiguration;
			buildSettings = {
				ENABLE_TESTABILITY = YES;
				MACOSX_DEPLOYMENT_TARGET = 10.8;
				ONLY_ACTIVE_ARCH = YES;
				SDKROOT = "$(DEVELOPER_SDK_DIR)/MacOSX10.5.sdk";
				STRIP_INSTALLED_PRODUCT = NO;
				WARNING_CFLAGS = "-Wtrigraphs";
			};
			name = Debug;
		};
		251FEF790855184200D38B8E /* Release */ = {
			isa = XCBuildConfiguration;
			buildSettings = {
				MACOSX_DEPLOYMENT_TARGET = 10.8;
				ONLY_ACTIVE_ARCH = YES;
				SDKROOT = "$(DEVELOPER_SDK_DIR)/MacOSX10.5.sdk";
				WARNING_CFLAGS = "-Wtrigraphs";
			};
			name = Release;
		};
/* End XCBuildConfiguration section */

/* Begin XCConfigurationList section */
		251FEF6F0855184200D38B8E /* Build configuration list for PBXNativeTarget "NoirPlayer" */ = {
			isa = XCConfigurationList;
			buildConfigurations = (
				251FEF700855184200D38B8E /* Debug */,
				251FEF710855184200D38B8E /* Release */,
			);
			defaultConfigurationIsVisible = 0;
			defaultConfigurationName = Debug;
		};
		251FEF770855184200D38B8E /* Build configuration list for PBXProject "NoirPlayer" */ = {
			isa = XCConfigurationList;
			buildConfigurations = (
				251FEF780855184200D38B8E /* Debug */,
				251FEF790855184200D38B8E /* Release */,
			);
			defaultConfigurationIsVisible = 0;
			defaultConfigurationName = Debug;
		};
/* End XCConfigurationList section */
	};
	rootObject = 2A37F4A9FDCFA73011CA2CEA /* Project object */;
}
