// !$*UTF8*$!
{
	archiveVersion = 1;
	classes = {
	};
	objectVersion = 46;
	objects = {

/* Begin PBXBuildFile section */
		2510A5B80B06374400CA8110 /* QTKit.framework in Frameworks */ = {isa = PBXBuildFile; fileRef = 25CC866D0831DDA800027929 /* QTKit.framework */; };
		251FEFB7085670D800D38B8E /* Cocoa.framework in Frameworks */ = {isa = PBXBuildFile; fileRef = 251FEFB6085670D800D38B8E /* Cocoa.framework */; };
		25294AAA076E937E00D4B325 /* play_over.png in Resources */ = {isa = PBXBuildFile; fileRef = 25294AA7076E937E00D4B325 /* play_over.png */; };
		252BDDD9076A4744006CF96B /* ControlPlay.h in Headers */ = {isa = PBXBuildFile; fileRef = 252BDDD7076A4744006CF96B /* ControlPlay.h */; };
		252BDDDA076A4744006CF96B /* ControlPlay.m in Sources */ = {isa = PBXBuildFile; fileRef = 252BDDD8076A4744006CF96B /* ControlPlay.m */; };
		257D61560753F7AD00702BD0 /* NPMovieProtocol.h in Headers */ = {isa = PBXBuildFile; fileRef = 257D61540753F7AD00702BD0 /* NPMovieProtocol.h */; };
		257D61680753F92D00702BD0 /* NPMovieView.h in Headers */ = {isa = PBXBuildFile; fileRef = 257D61660753F92D00702BD0 /* NPMovieView.h */; };
		257D61690753F92D00702BD0 /* NPMovieView.m in Sources */ = {isa = PBXBuildFile; fileRef = 257D61670753F92D00702BD0 /* NPMovieView.m */; };
		258C2B710A2D713E00AC22BB /* IOKit.framework in Frameworks */ = {isa = PBXBuildFile; fileRef = 258C2B700A2D713E00AC22BB /* IOKit.framework */; };
		259CC53907374066001ED5FA /* NPApplication.h in Headers */ = {isa = PBXBuildFile; fileRef = 259CC53707374066001ED5FA /* NPApplication.h */; };
		259CC53A07374066001ED5FA /* NPApplication.m in Sources */ = {isa = PBXBuildFile; fileRef = 259CC53807374066001ED5FA /* NPApplication.m */; };
		25B913250741736A001B68D9 /* OverlaysControl.h in Headers */ = {isa = PBXBuildFile; fileRef = 25B913230741736A001B68D9 /* OverlaysControl.h */; };
		25B913260741736A001B68D9 /* OverlaysControl.m in Sources */ = {isa = PBXBuildFile; fileRef = 25B913240741736A001B68D9 /* OverlaysControl.m */; };
		25CC86500831DA2A00027929 /* RCMovieView.h in Headers */ = {isa = PBXBuildFile; fileRef = 25CC864E0831DA2A00027929 /* RCMovieView.h */; };
		25CC86510831DA2A00027929 /* RCMovieView.m in Sources */ = {isa = PBXBuildFile; fileRef = 25CC864F0831DA2A00027929 /* RCMovieView.m */; };
		3E01F2EA065E9C1D00905F96 /* MainWindowProxy.h in Headers */ = {isa = PBXBuildFile; fileRef = 3E01F2E8065E9C1D00905F96 /* MainWindowProxy.h */; };
		3E01F2EB065E9C1D00905F96 /* MainWindowProxy.m in Sources */ = {isa = PBXBuildFile; fileRef = 3E01F2E9065E9C1D00905F96 /* MainWindowProxy.m */; };
		3E085CBC065C79EE005286A3 /* play.png in Resources */ = {isa = PBXBuildFile; fileRef = 3E085CBB065C79EE005286A3 /* play.png */; };
		3E110B63069BD80100C5800B /* ClickableTextField.h in Headers */ = {isa = PBXBuildFile; fileRef = 3E110B61069BD80100C5800B /* ClickableTextField.h */; };
		3E110B64069BD80100C5800B /* ClickableTextField.m in Sources */ = {isa = PBXBuildFile; fileRef = 3E110B62069BD80100C5800B /* ClickableTextField.m */; };
		3E28CCA40808E0F000F59FF5 /* NiceWindowController.h in Headers */ = {isa = PBXBuildFile; fileRef = 3E28CCA20808E0F000F59FF5 /* NiceWindowController.h */; };
		3E28CCA50808E0F000F59FF5 /* NiceWindowController.m in Sources */ = {isa = PBXBuildFile; fileRef = 3E28CCA30808E0F000F59FF5 /* NiceWindowController.m */; };
		3E452FF10664719D00BC91B0 /* NiceIcon.icns in Resources */ = {isa = PBXBuildFile; fileRef = 3E452FF00664719D00BC91B0 /* NiceIcon.icns */; };
		3E4DF83706630D50001B9AC5 /* Credits.html in Resources */ = {isa = PBXBuildFile; fileRef = 3E4DF83506630D50001B9AC5 /* Credits.html */; };
		3E8C96CB073EF4730048CB70 /* 3gpp.icns in Resources */ = {isa = PBXBuildFile; fileRef = 3E8C96C2073EF4730048CB70 /* 3gpp.icns */; };
		3E8C96CC073EF4730048CB70 /* avi.icns in Resources */ = {isa = PBXBuildFile; fileRef = 3E8C96C3073EF4730048CB70 /* avi.icns */; };
		3E8C96CD073EF4730048CB70 /* dv.icns in Resources */ = {isa = PBXBuildFile; fileRef = 3E8C96C4073EF4730048CB70 /* dv.icns */; };
		3E8C96CE073EF4730048CB70 /* fli.icns in Resources */ = {isa = PBXBuildFile; fileRef = 3E8C96C5073EF4730048CB70 /* fli.icns */; };
		3E8C96CF073EF4730048CB70 /* m2v.icns in Resources */ = {isa = PBXBuildFile; fileRef = 3E8C96C6073EF4730048CB70 /* m2v.icns */; };
		3E8C96D0073EF4730048CB70 /* mov.icns in Resources */ = {isa = PBXBuildFile; fileRef = 3E8C96C7073EF4730048CB70 /* mov.icns */; };
		3E8C96D1073EF4730048CB70 /* mp4.icns in Resources */ = {isa = PBXBuildFile; fileRef = 3E8C96C8073EF4730048CB70 /* mp4.icns */; };
		3E8C96D2073EF4730048CB70 /* mpg.icns in Resources */ = {isa = PBXBuildFile; fileRef = 3E8C96C9073EF4730048CB70 /* mpg.icns */; };
		3E8C96D3073EF4730048CB70 /* swf.icns in Resources */ = {isa = PBXBuildFile; fileRef = 3E8C96CA073EF4730048CB70 /* swf.icns */; };
		3E8CC453068AA1290034FCCC /* close-highlight.png in Resources */ = {isa = PBXBuildFile; fileRef = 3E8CC44F068AA1290034FCCC /* close-highlight.png */; };
		3E8CC454068AA1290034FCCC /* close.png in Resources */ = {isa = PBXBuildFile; fileRef = 3E8CC450068AA1290034FCCC /* close.png */; };
		3E8CC455068AA1290034FCCC /* minimize-highlight.png in Resources */ = {isa = PBXBuildFile; fileRef = 3E8CC451068AA1290034FCCC /* minimize-highlight.png */; };
		3E8CC456068AA1290034FCCC /* minimize.png in Resources */ = {isa = PBXBuildFile; fileRef = 3E8CC452068AA1290034FCCC /* minimize.png */; };
		3E95D4A106613F05008755D1 /* BlackWindow.h in Headers */ = {isa = PBXBuildFile; fileRef = 3E95D49F06613F05008755D1 /* BlackWindow.h */; };
		3E95D4A206613F05008755D1 /* BlackWindow.m in Sources */ = {isa = PBXBuildFile; fileRef = 3E95D4A006613F05008755D1 /* BlackWindow.m */; };
		3E9996CC06A50F1800D1898D /* volume_muted.png in Resources */ = {isa = PBXBuildFile; fileRef = 3E9996CA06A50F1800D1898D /* volume_muted.png */; };
		3E9996CD06A50F1800D1898D /* volume_with_sound.png in Resources */ = {isa = PBXBuildFile; fileRef = 3E9996CB06A50F1800D1898D /* volume_with_sound.png */; };
		3E9996D206A5101500D1898D /* VolumeView.h in Headers */ = {isa = PBXBuildFile; fileRef = 3E9996D006A5101500D1898D /* VolumeView.h */; };
		3E9996D306A5101500D1898D /* VolumeView.m in Sources */ = {isa = PBXBuildFile; fileRef = 3E9996D106A5101500D1898D /* VolumeView.m */; };
		3E9E62900661708200B788A8 /* NiceScrubber.h in Headers */ = {isa = PBXBuildFile; fileRef = 3E9E628E0661708200B788A8 /* NiceScrubber.h */; };
		3E9E62910661708200B788A8 /* NiceScrubber.m in Sources */ = {isa = PBXBuildFile; fileRef = 3E9E628F0661708200B788A8 /* NiceScrubber.m */; };
		3E9E62990661724600B788A8 /* scrubber.png in Resources */ = {isa = PBXBuildFile; fileRef = 3E9E62940661724600B788A8 /* scrubber.png */; };
		3E9E64820661B95900B788A8 /* pause.png in Resources */ = {isa = PBXBuildFile; fileRef = 3E9E64800661B95900B788A8 /* pause.png */; };
		3E9E64830661B95900B788A8 /* pauseClick.png in Resources */ = {isa = PBXBuildFile; fileRef = 3E9E64810661B95900B788A8 /* pauseClick.png */; };
		3EB7EC60065F39AA0002A470 /* Carbon.framework in Frameworks */ = {isa = PBXBuildFile; fileRef = 3EB7EC5F065F39AA0002A470 /* Carbon.framework */; };
		3EC8C601065DD31F00988449 /* playClick.png in Resources */ = {isa = PBXBuildFile; fileRef = 3EC8C5FE065DD31F00988449 /* playClick.png */; };
		3EDA2682065C8E570000CCEE /* OverlayWindow.h in Headers */ = {isa = PBXBuildFile; fileRef = 3EDA2680065C8E570000CCEE /* OverlayWindow.h */; };
		3EDA2683065C8E570000CCEE /* OverlayWindow.m in Sources */ = {isa = PBXBuildFile; fileRef = 3EDA2681065C8E570000CCEE /* OverlayWindow.m */; };
		3EEB7DBB076B754F0090E740 /* NiceUtilities.h in Headers */ = {isa = PBXBuildFile; fileRef = 3EEB7DB7076B754F0090E740 /* NiceUtilities.h */; };
		3EEB7DBC076B754F0090E740 /* NiceUtilities.m in Sources */ = {isa = PBXBuildFile; fileRef = 3EEB7DB8076B754F0090E740 /* NiceUtilities.m */; };
		3EEDF762065B4CFF00E3545C /* black.png in Resources */ = {isa = PBXBuildFile; fileRef = 3EEDF761065B4CFF00E3545C /* black.png */; };
		3EEDF765065B507B00E3545C /* NiceWindow.h in Headers */ = {isa = PBXBuildFile; fileRef = 3EEDF763065B507B00E3545C /* NiceWindow.h */; };
		3EEDF766065B507B00E3545C /* NiceWindow.m in Sources */ = {isa = PBXBuildFile; fileRef = 3EEDF764065B507B00E3545C /* NiceWindow.m */; };
		3EEDF76D065B5ACD00E3545C /* NiceController.h in Headers */ = {isa = PBXBuildFile; fileRef = 3EEDF76B065B5ACD00E3545C /* NiceController.h */; };
		3EEDF76E065B5ACD00E3545C /* NiceController.m in Sources */ = {isa = PBXBuildFile; fileRef = 3EEDF76C065B5ACD00E3545C /* NiceController.m */; };
		3EFEF999086E6E50003E05C3 /* wmv.icns in Resources */ = {isa = PBXBuildFile; fileRef = 3EFEF996086E6E50003E05C3 /* wmv.icns */; };
		690B61170B5981A4008D13CE /* flv.icns in Resources */ = {isa = PBXBuildFile; fileRef = 690B61160B5981A4008D13CE /* flv.icns */; };
		690B627A0B5992B7008D13CE /* mkv.icns in Resources */ = {isa = PBXBuildFile; fileRef = 690B62790B5992B7008D13CE /* mkv.icns */; };
		69257CFB111DD28300C28210 /* MainMenu.xib in Resources */ = {isa = PBXBuildFile; fileRef = 69257CF9111DD28300C28210 /* MainMenu.xib */; };
		69257CFF111DD2A700C28210 /* NiceDocument.xib in Resources */ = {isa = PBXBuildFile; fileRef = 69257CFD111DD2A700C28210 /* NiceDocument.xib */; };
		6925B3CA0B61966E004D2A83 /* vdvd.icns in Resources */ = {isa = PBXBuildFile; fileRef = 6925B3C90B61966E004D2A83 /* vdvd.icns */; };
		697496120B55EA800030D4D2 /* OverlayTitleWindow.h in Headers */ = {isa = PBXBuildFile; fileRef = 697496100B55EA800030D4D2 /* OverlayTitleWindow.h */; };
		697496130B55EA800030D4D2 /* OverlayTitleWindow.m in Sources */ = {isa = PBXBuildFile; fileRef = 697496110B55EA800030D4D2 /* OverlayTitleWindow.m */; };
		697496200B55F7A90030D4D2 /* titlebg.png in Resources */ = {isa = PBXBuildFile; fileRef = 6974961F0B55F7A90030D4D2 /* titlebg.png */; };
		6974971F0B56033F0030D4D2 /* TitleBackgroundView.h in Headers */ = {isa = PBXBuildFile; fileRef = 6974971D0B56033F0030D4D2 /* TitleBackgroundView.h */; };
		697497200B56033F0030D4D2 /* TitleBackgroundView.m in Sources */ = {isa = PBXBuildFile; fileRef = 6974971E0B56033F0030D4D2 /* TitleBackgroundView.m */; };
		6977CC670CE3DF8B00B4EBB6 /* NPScalingButton.h in Headers */ = {isa = PBXBuildFile; fileRef = 6977CC650CE3DF8B00B4EBB6 /* NPScalingButton.h */; };
		6977CD5A0CE3F63000B4EBB6 /* NPScalingButton.m in Sources */ = {isa = PBXBuildFile; fileRef = 6977CD590CE3F63000B4EBB6 /* NPScalingButton.m */; };
		6977CD6D0CE3F65A00B4EBB6 /* NPScalingButtonCell.h in Headers */ = {isa = PBXBuildFile; fileRef = 6977CD6B0CE3F65A00B4EBB6 /* NPScalingButtonCell.h */; };
		6977CD6E0CE3F65A00B4EBB6 /* NPScalingButtonCell.m in Sources */ = {isa = PBXBuildFile; fileRef = 6977CD6C0CE3F65A00B4EBB6 /* NPScalingButtonCell.m */; };
		699464630CCC4D3800CE0AD3 /* gvi.icns in Resources */ = {isa = PBXBuildFile; fileRef = 699464620CCC4D3800CE0AD3 /* gvi.icns */; };
		69BCF5510B62C4C20000ABEF /* ogg.icns in Resources */ = {isa = PBXBuildFile; fileRef = 69BCF5500B62C4C20000ABEF /* ogg.icns */; };
		69EFD1BC0B5C8E3400359BF4 /* divx.icns in Resources */ = {isa = PBXBuildFile; fileRef = 69EFD1BB0B5C8E3400359BF4 /* divx.icns */; };
		8D15AC290486D014006FF6A4 /* NicePlayer_Prefix.pch in Headers */ = {isa = PBXBuildFile; fileRef = 32DBCF750370BD2300C91783 /* NicePlayer_Prefix.pch */; };
		8D15AC2A0486D014006FF6A4 /* NiceDocument.h in Headers */ = {isa = PBXBuildFile; fileRef = 2A37F4AEFDCFA73011CA2CEA /* NiceDocument.h */; };
		8D15AC2F0486D014006FF6A4 /* InfoPlist.strings in Resources */ = {isa = PBXBuildFile; fileRef = 089C165FFE840EACC02AAC07 /* InfoPlist.strings */; };
		8D15AC310486D014006FF6A4 /* NiceDocument.m in Sources */ = {isa = PBXBuildFile; fileRef = 2A37F4ACFDCFA73011CA2CEA /* NiceDocument.m */; settings = {ATTRIBUTES = (); }; };
		8D15AC320486D014006FF6A4 /* main.m in Sources */ = {isa = PBXBuildFile; fileRef = 2A37F4B0FDCFA73011CA2CEA /* main.m */; settings = {ATTRIBUTES = (); }; };
		AA3952FF13FFEE2B008890EB /* ArrayExtras.h in Headers */ = {isa = PBXBuildFile; fileRef = AA3952FD13FFEE2B008890EB /* ArrayExtras.h */; };
		AA39530013FFEE2B008890EB /* ArrayExtras.m in Sources */ = {isa = PBXBuildFile; fileRef = AA3952FE13FFEE2B008890EB /* ArrayExtras.m */; };
/* End PBXBuildFile section */

/* Begin PBXFileReference section */
		089C1660FE840EACC02AAC07 /* English */ = {isa = PBXFileReference; fileEncoding = 10; lastKnownFileType = text.plist.strings; name = English; path = English.lproj/InfoPlist.strings; sourceTree = "<group>"; };
		251FEFB6085670D800D38B8E /* Cocoa.framework */ = {isa = PBXFileReference; lastKnownFileType = wrapper.framework; name = Cocoa.framework; path = /System/Library/Frameworks/Cocoa.framework; sourceTree = "<absolute>"; };
		25294AA7076E937E00D4B325 /* play_over.png */ = {isa = PBXFileReference; lastKnownFileType = image.png; name = play_over.png; path = Resources/play_over.png; sourceTree = "<group>"; };
		252BDDD7076A4744006CF96B /* ControlPlay.h */ = {isa = PBXFileReference; fileEncoding = 4; lastKnownFileType = sourcecode.c.h; name = ControlPlay.h; path = src/widgets/ControlPlay.h; sourceTree = "<group>"; };
		252BDDD8076A4744006CF96B /* ControlPlay.m */ = {isa = PBXFileReference; fileEncoding = 4; lastKnownFileType = sourcecode.c.objc; name = ControlPlay.m; path = src/widgets/ControlPlay.m; sourceTree = "<group>"; };
		257D61540753F7AD00702BD0 /* NPMovieProtocol.h */ = {isa = PBXFileReference; fileEncoding = 4; lastKnownFileType = sourcecode.c.h; name = NPMovieProtocol.h; path = src/viewer/NPMovieProtocol.h; sourceTree = "<group>"; };
		257D61660753F92D00702BD0 /* NPMovieView.h */ = {isa = PBXFileReference; fileEncoding = 4; lastKnownFileType = sourcecode.c.h; name = NPMovieView.h; path = src/viewer/NPMovieView.h; sourceTree = "<group>"; };
		257D61670753F92D00702BD0 /* NPMovieView.m */ = {isa = PBXFileReference; fileEncoding = 4; lastKnownFileType = sourcecode.c.objc; name = NPMovieView.m; path = src/viewer/NPMovieView.m; sourceTree = "<group>"; };
		258C2B700A2D713E00AC22BB /* IOKit.framework */ = {isa = PBXFileReference; lastKnownFileType = wrapper.framework; name = IOKit.framework; path = /System/Library/Frameworks/IOKit.framework; sourceTree = "<absolute>"; };
		259CC53707374066001ED5FA /* NPApplication.h */ = {isa = PBXFileReference; fileEncoding = 4; lastKnownFileType = sourcecode.c.h; name = NPApplication.h; path = src/app/NPApplication.h; sourceTree = "<group>"; };
		259CC53807374066001ED5FA /* NPApplication.m */ = {isa = PBXFileReference; fileEncoding = 4; lastKnownFileType = sourcecode.c.objc; name = NPApplication.m; path = src/app/NPApplication.m; sourceTree = "<group>"; };
		25B913230741736A001B68D9 /* OverlaysControl.h */ = {isa = PBXFileReference; fileEncoding = 4; lastKnownFileType = sourcecode.c.h; name = OverlaysControl.h; path = src/widgets/OverlaysControl.h; sourceTree = "<group>"; };
		25B913240741736A001B68D9 /* OverlaysControl.m */ = {isa = PBXFileReference; fileEncoding = 4; lastKnownFileType = sourcecode.c.objc; name = OverlaysControl.m; path = src/widgets/OverlaysControl.m; sourceTree = "<group>"; };
		25CC864E0831DA2A00027929 /* RCMovieView.h */ = {isa = PBXFileReference; fileEncoding = 4; lastKnownFileType = sourcecode.c.h; name = RCMovieView.h; path = src/viewer/RCMovieView.h; sourceTree = "<group>"; };
		25CC864F0831DA2A00027929 /* RCMovieView.m */ = {isa = PBXFileReference; fileEncoding = 4; lastKnownFileType = sourcecode.c.objc; name = RCMovieView.m; path = src/viewer/RCMovieView.m; sourceTree = "<group>"; };
		25CC866D0831DDA800027929 /* QTKit.framework */ = {isa = PBXFileReference; explicitFileType = wrapper.framework; name = QTKit.framework; path = /System/Library/Frameworks/QTKit.framework; sourceTree = "<absolute>"; };
		2A37F4ACFDCFA73011CA2CEA /* NiceDocument.m */ = {isa = PBXFileReference; fileEncoding = 30; lastKnownFileType = sourcecode.c.objc; name = NiceDocument.m; path = src/app/NiceDocument.m; sourceTree = "<group>"; };
		2A37F4AEFDCFA73011CA2CEA /* NiceDocument.h */ = {isa = PBXFileReference; fileEncoding = 30; lastKnownFileType = sourcecode.c.h; name = NiceDocument.h; path = src/app/NiceDocument.h; sourceTree = "<group>"; };
		2A37F4B0FDCFA73011CA2CEA /* main.m */ = {isa = PBXFileReference; fileEncoding = 30; lastKnownFileType = sourcecode.c.objc; name = main.m; path = src/util/main.m; sourceTree = "<group>"; };
		2A37F4C4FDCFA73011CA2CEA /* AppKit.framework */ = {isa = PBXFileReference; lastKnownFileType = wrapper.framework; name = AppKit.framework; path = /System/Library/Frameworks/AppKit.framework; sourceTree = "<absolute>"; };
		2A37F4C5FDCFA73011CA2CEA /* Foundation.framework */ = {isa = PBXFileReference; lastKnownFileType = wrapper.framework; name = Foundation.framework; path = /System/Library/Frameworks/Foundation.framework; sourceTree = "<absolute>"; };
		32DBCF750370BD2300C91783 /* NicePlayer_Prefix.pch */ = {isa = PBXFileReference; fileEncoding = 4; lastKnownFileType = sourcecode.c.h; path = NicePlayer_Prefix.pch; sourceTree = "<group>"; };
		3E01F2E8065E9C1D00905F96 /* MainWindowProxy.h */ = {isa = PBXFileReference; fileEncoding = 4; lastKnownFileType = sourcecode.c.h; name = MainWindowProxy.h; path = src/app/MainWindowProxy.h; sourceTree = "<group>"; };
		3E01F2E9065E9C1D00905F96 /* MainWindowProxy.m */ = {isa = PBXFileReference; fileEncoding = 4; lastKnownFileType = sourcecode.c.objc; name = MainWindowProxy.m; path = src/app/MainWindowProxy.m; sourceTree = "<group>"; };
		3E085CBB065C79EE005286A3 /* play.png */ = {isa = PBXFileReference; lastKnownFileType = image.png; name = play.png; path = Resources/play.png; sourceTree = "<group>"; };
		3E110B61069BD80100C5800B /* ClickableTextField.h */ = {isa = PBXFileReference; fileEncoding = 4; lastKnownFileType = sourcecode.c.h; name = ClickableTextField.h; path = src/widgets/ClickableTextField.h; sourceTree = "<group>"; };
		3E110B62069BD80100C5800B /* ClickableTextField.m */ = {isa = PBXFileReference; fileEncoding = 4; lastKnownFileType = sourcecode.c.objc; name = ClickableTextField.m; path = src/widgets/ClickableTextField.m; sourceTree = "<group>"; };
		3E28CCA20808E0F000F59FF5 /* NiceWindowController.h */ = {isa = PBXFileReference; fileEncoding = 4; lastKnownFileType = sourcecode.c.h; name = NiceWindowController.h; path = src/app/NiceWindowController.h; sourceTree = "<group>"; };
		3E28CCA30808E0F000F59FF5 /* NiceWindowController.m */ = {isa = PBXFileReference; fileEncoding = 4; lastKnownFileType = sourcecode.c.objc; name = NiceWindowController.m; path = src/app/NiceWindowController.m; sourceTree = "<group>"; };
		3E452FF00664719D00BC91B0 /* NiceIcon.icns */ = {isa = PBXFileReference; lastKnownFileType = image.icns; name = NiceIcon.icns; path = Resources/NiceIcon.icns; sourceTree = "<group>"; };
		3E4DF83606630D50001B9AC5 /* English */ = {isa = PBXFileReference; fileEncoding = 4; lastKnownFileType = text.html; name = English; path = English.lproj/Credits.html; sourceTree = "<group>"; };
		3E8C96C2073EF4730048CB70 /* 3gpp.icns */ = {isa = PBXFileReference; lastKnownFileType = image.icns; path = 3gpp.icns; sourceTree = "<group>"; };
		3E8C96C3073EF4730048CB70 /* avi.icns */ = {isa = PBXFileReference; lastKnownFileType = image.icns; path = avi.icns; sourceTree = "<group>"; };
		3E8C96C4073EF4730048CB70 /* dv.icns */ = {isa = PBXFileReference; lastKnownFileType = image.icns; path = dv.icns; sourceTree = "<group>"; };
		3E8C96C5073EF4730048CB70 /* fli.icns */ = {isa = PBXFileReference; lastKnownFileType = image.icns; path = fli.icns; sourceTree = "<group>"; };
		3E8C96C6073EF4730048CB70 /* m2v.icns */ = {isa = PBXFileReference; lastKnownFileType = image.icns; path = m2v.icns; sourceTree = "<group>"; };
		3E8C96C7073EF4730048CB70 /* mov.icns */ = {isa = PBXFileReference; lastKnownFileType = image.icns; path = mov.icns; sourceTree = "<group>"; };
		3E8C96C8073EF4730048CB70 /* mp4.icns */ = {isa = PBXFileReference; lastKnownFileType = image.icns; path = mp4.icns; sourceTree = "<group>"; };
		3E8C96C9073EF4730048CB70 /* mpg.icns */ = {isa = PBXFileReference; lastKnownFileType = image.icns; path = mpg.icns; sourceTree = "<group>"; };
		3E8C96CA073EF4730048CB70 /* swf.icns */ = {isa = PBXFileReference; lastKnownFileType = image.icns; path = swf.icns; sourceTree = "<group>"; };
		3E8CC44F068AA1290034FCCC /* close-highlight.png */ = {isa = PBXFileReference; lastKnownFileType = image.png; name = "close-highlight.png"; path = "Resources/close-highlight.png"; sourceTree = "<group>"; };
		3E8CC450068AA1290034FCCC /* close.png */ = {isa = PBXFileReference; lastKnownFileType = image.png; name = close.png; path = Resources/close.png; sourceTree = "<group>"; };
		3E8CC451068AA1290034FCCC /* minimize-highlight.png */ = {isa = PBXFileReference; lastKnownFileType = image.png; name = "minimize-highlight.png"; path = "Resources/minimize-highlight.png"; sourceTree = "<group>"; };
		3E8CC452068AA1290034FCCC /* minimize.png */ = {isa = PBXFileReference; lastKnownFileType = image.png; name = minimize.png; path = Resources/minimize.png; sourceTree = "<group>"; };
		3E95D49F06613F05008755D1 /* BlackWindow.h */ = {isa = PBXFileReference; fileEncoding = 4; lastKnownFileType = sourcecode.c.h; name = BlackWindow.h; path = src/widgets/BlackWindow.h; sourceTree = "<group>"; };
		3E95D4A006613F05008755D1 /* BlackWindow.m */ = {isa = PBXFileReference; fileEncoding = 4; lastKnownFileType = sourcecode.c.objc; name = BlackWindow.m; path = src/widgets/BlackWindow.m; sourceTree = "<group>"; };
		3E9996CA06A50F1800D1898D /* volume_muted.png */ = {isa = PBXFileReference; lastKnownFileType = image.png; name = volume_muted.png; path = Resources/volume_muted.png; sourceTree = "<group>"; };
		3E9996CB06A50F1800D1898D /* volume_with_sound.png */ = {isa = PBXFileReference; lastKnownFileType = image.png; name = volume_with_sound.png; path = Resources/volume_with_sound.png; sourceTree = "<group>"; };
		3E9996D006A5101500D1898D /* VolumeView.h */ = {isa = PBXFileReference; fileEncoding = 4; lastKnownFileType = sourcecode.c.h; name = VolumeView.h; path = src/widgets/VolumeView.h; sourceTree = "<group>"; };
		3E9996D106A5101500D1898D /* VolumeView.m */ = {isa = PBXFileReference; fileEncoding = 4; lastKnownFileType = sourcecode.c.objc; name = VolumeView.m; path = src/widgets/VolumeView.m; sourceTree = "<group>"; };
		3E9E628E0661708200B788A8 /* NiceScrubber.h */ = {isa = PBXFileReference; fileEncoding = 4; lastKnownFileType = sourcecode.c.h; name = NiceScrubber.h; path = src/widgets/NiceScrubber.h; sourceTree = "<group>"; };
		3E9E628F0661708200B788A8 /* NiceScrubber.m */ = {isa = PBXFileReference; fileEncoding = 4; lastKnownFileType = sourcecode.c.objc; name = NiceScrubber.m; path = src/widgets/NiceScrubber.m; sourceTree = "<group>"; };
		3E9E62940661724600B788A8 /* scrubber.png */ = {isa = PBXFileReference; lastKnownFileType = image.png; name = scrubber.png; path = Resources/scrubber.png; sourceTree = "<group>"; };
		3E9E64800661B95900B788A8 /* pause.png */ = {isa = PBXFileReference; lastKnownFileType = image.png; name = pause.png; path = Resources/pause.png; sourceTree = "<group>"; };
		3E9E64810661B95900B788A8 /* pauseClick.png */ = {isa = PBXFileReference; lastKnownFileType = image.png; name = pauseClick.png; path = Resources/pauseClick.png; sourceTree = "<group>"; };
		3EB7EC5F065F39AA0002A470 /* Carbon.framework */ = {isa = PBXFileReference; lastKnownFileType = wrapper.framework; name = Carbon.framework; path = /System/Library/Frameworks/Carbon.framework; sourceTree = "<absolute>"; };
		3EC8C5FE065DD31F00988449 /* playClick.png */ = {isa = PBXFileReference; lastKnownFileType = image.png; name = playClick.png; path = Resources/playClick.png; sourceTree = "<group>"; };
		3EDA2680065C8E570000CCEE /* OverlayWindow.h */ = {isa = PBXFileReference; fileEncoding = 4; lastKnownFileType = sourcecode.c.h; name = OverlayWindow.h; path = src/widgets/OverlayWindow.h; sourceTree = "<group>"; };
		3EDA2681065C8E570000CCEE /* OverlayWindow.m */ = {isa = PBXFileReference; fileEncoding = 4; lastKnownFileType = sourcecode.c.objc; name = OverlayWindow.m; path = src/widgets/OverlayWindow.m; sourceTree = "<group>"; };
		3EEB7DB7076B754F0090E740 /* NiceUtilities.h */ = {isa = PBXFileReference; fileEncoding = 4; lastKnownFileType = sourcecode.c.h; name = NiceUtilities.h; path = src/util/NiceUtilities.h; sourceTree = "<group>"; };
		3EEB7DB8076B754F0090E740 /* NiceUtilities.m */ = {isa = PBXFileReference; fileEncoding = 4; lastKnownFileType = sourcecode.c.objc; name = NiceUtilities.m; path = src/util/NiceUtilities.m; sourceTree = "<group>"; };
		3EEDF761065B4CFF00E3545C /* black.png */ = {isa = PBXFileReference; lastKnownFileType = image.png; name = black.png; path = Resources/black.png; sourceTree = "<group>"; };
		3EEDF763065B507B00E3545C /* NiceWindow.h */ = {isa = PBXFileReference; fileEncoding = 4; lastKnownFileType = sourcecode.c.h; name = NiceWindow.h; path = src/app/NiceWindow.h; sourceTree = "<group>"; };
		3EEDF764065B507B00E3545C /* NiceWindow.m */ = {isa = PBXFileReference; fileEncoding = 4; lastKnownFileType = sourcecode.c.objc; name = NiceWindow.m; path = src/app/NiceWindow.m; sourceTree = "<group>"; };
		3EEDF76B065B5ACD00E3545C /* NiceController.h */ = {isa = PBXFileReference; fileEncoding = 4; lastKnownFileType = sourcecode.c.h; name = NiceController.h; path = src/app/NiceController.h; sourceTree = "<group>"; };
		3EEDF76C065B5ACD00E3545C /* NiceController.m */ = {isa = PBXFileReference; fileEncoding = 4; lastKnownFileType = sourcecode.c.objc; name = NiceController.m; path = src/app/NiceController.m; sourceTree = "<group>"; };
		3EFEF996086E6E50003E05C3 /* wmv.icns */ = {isa = PBXFileReference; lastKnownFileType = image.icns; path = wmv.icns; sourceTree = "<group>"; };
		690B61160B5981A4008D13CE /* flv.icns */ = {isa = PBXFileReference; lastKnownFileType = image.icns; path = flv.icns; sourceTree = "<group>"; };
		690B62790B5992B7008D13CE /* mkv.icns */ = {isa = PBXFileReference; lastKnownFileType = image.icns; path = mkv.icns; sourceTree = "<group>"; };
		69257CFA111DD28300C28210 /* English */ = {isa = PBXFileReference; lastKnownFileType = file.xib; name = English; path = English.lproj/MainMenu.xib; sourceTree = "<group>"; };
		69257CFE111DD2A700C28210 /* English */ = {isa = PBXFileReference; lastKnownFileType = file.xib; name = English; path = English.lproj/NiceDocument.xib; sourceTree = "<group>"; };
		6925B3C90B61966E004D2A83 /* vdvd.icns */ = {isa = PBXFileReference; lastKnownFileType = image.icns; path = vdvd.icns; sourceTree = "<group>"; };
		697496100B55EA800030D4D2 /* OverlayTitleWindow.h */ = {isa = PBXFileReference; fileEncoding = 4; lastKnownFileType = sourcecode.c.h; name = OverlayTitleWindow.h; path = src/widgets/OverlayTitleWindow.h; sourceTree = "<group>"; };
		697496110B55EA800030D4D2 /* OverlayTitleWindow.m */ = {isa = PBXFileReference; fileEncoding = 4; lastKnownFileType = sourcecode.c.objc; name = OverlayTitleWindow.m; path = src/widgets/OverlayTitleWindow.m; sourceTree = "<group>"; };
		6974961F0B55F7A90030D4D2 /* titlebg.png */ = {isa = PBXFileReference; lastKnownFileType = image.png; name = titlebg.png; path = Resources/titlebg.png; sourceTree = "<group>"; };
		6974971D0B56033F0030D4D2 /* TitleBackgroundView.h */ = {isa = PBXFileReference; fileEncoding = 4; lastKnownFileType = sourcecode.c.h; name = TitleBackgroundView.h; path = src/widgets/TitleBackgroundView.h; sourceTree = "<group>"; };
		6974971E0B56033F0030D4D2 /* TitleBackgroundView.m */ = {isa = PBXFileReference; fileEncoding = 4; lastKnownFileType = sourcecode.c.objc; name = TitleBackgroundView.m; path = src/widgets/TitleBackgroundView.m; sourceTree = "<group>"; };
		6977CC650CE3DF8B00B4EBB6 /* NPScalingButton.h */ = {isa = PBXFileReference; fileEncoding = 4; lastKnownFileType = sourcecode.c.h; name = NPScalingButton.h; path = src/widgets/NPScalingButton.h; sourceTree = "<group>"; };
		6977CD590CE3F63000B4EBB6 /* NPScalingButton.m */ = {isa = PBXFileReference; fileEncoding = 4; lastKnownFileType = sourcecode.c.objc; name = NPScalingButton.m; path = src/widgets/NPScalingButton.m; sourceTree = "<group>"; };
		6977CD6B0CE3F65A00B4EBB6 /* NPScalingButtonCell.h */ = {isa = PBXFileReference; fileEncoding = 4; lastKnownFileType = sourcecode.c.h; name = NPScalingButtonCell.h; path = src/widgets/NPScalingButtonCell.h; sourceTree = "<group>"; };
		6977CD6C0CE3F65A00B4EBB6 /* NPScalingButtonCell.m */ = {isa = PBXFileReference; fileEncoding = 4; lastKnownFileType = sourcecode.c.objc; name = NPScalingButtonCell.m; path = src/widgets/NPScalingButtonCell.m; sourceTree = "<group>"; };
		699464620CCC4D3800CE0AD3 /* gvi.icns */ = {isa = PBXFileReference; lastKnownFileType = image.icns; path = gvi.icns; sourceTree = "<group>"; };
		69BCF5500B62C4C20000ABEF /* ogg.icns */ = {isa = PBXFileReference; lastKnownFileType = image.icns; path = ogg.icns; sourceTree = "<group>"; };
		69EFD1BB0B5C8E3400359BF4 /* divx.icns */ = {isa = PBXFileReference; lastKnownFileType = image.icns; path = divx.icns; sourceTree = "<group>"; };
		8D15AC360486D014006FF6A4 /* Info.plist */ = {isa = PBXFileReference; fileEncoding = 4; lastKnownFileType = text.plist; path = Info.plist; sourceTree = "<group>"; };
		8D15AC370486D014006FF6A4 /* NicePlayer.app */ = {isa = PBXFileReference; explicitFileType = wrapper.application; includeInIndex = 0; path = NicePlayer.app; sourceTree = BUILT_PRODUCTS_DIR; };
		AA3952FD13FFEE2B008890EB /* ArrayExtras.h */ = {isa = PBXFileReference; fileEncoding = 4; lastKnownFileType = sourcecode.c.h; name = ArrayExtras.h; path = src/util/ArrayExtras.h; sourceTree = "<group>"; };
		AA3952FE13FFEE2B008890EB /* ArrayExtras.m */ = {isa = PBXFileReference; fileEncoding = 4; lastKnownFileType = sourcecode.c.objc; name = ArrayExtras.m; path = src/util/ArrayExtras.m; sourceTree = "<group>"; };
/* End PBXFileReference section */

/* Begin PBXFrameworksBuildPhase section */
		8D15AC330486D014006FF6A4 /* Frameworks */ = {
			isa = PBXFrameworksBuildPhase;
			buildActionMask = 2147483647;
			files = (
				2510A5B80B06374400CA8110 /* QTKit.framework in Frameworks */,
				3EB7EC60065F39AA0002A470 /* Carbon.framework in Frameworks */,
				251FEFB7085670D800D38B8E /* Cocoa.framework in Frameworks */,
				258C2B710A2D713E00AC22BB /* IOKit.framework in Frameworks */,
			);
			runOnlyForDeploymentPostprocessing = 0;
		};
/* End PBXFrameworksBuildPhase section */

/* Begin PBXGroup section */
		1058C7A6FEA54F5311CA2CBB /* Linked Frameworks */ = {
			isa = PBXGroup;
			children = (
				258C2B700A2D713E00AC22BB /* IOKit.framework */,
				251FEFB6085670D800D38B8E /* Cocoa.framework */,
				25CC866D0831DDA800027929 /* QTKit.framework */,
				3EB7EC5F065F39AA0002A470 /* Carbon.framework */,
			);
			name = "Linked Frameworks";
			sourceTree = "<group>";
		};
		1058C7A8FEA54F5311CA2CBB /* Other Frameworks */ = {
			isa = PBXGroup;
			children = (
				2A37F4C5FDCFA73011CA2CEA /* Foundation.framework */,
				2A37F4C4FDCFA73011CA2CEA /* AppKit.framework */,
			);
			name = "Other Frameworks";
			sourceTree = "<group>";
		};
		19C28FB0FE9D524F11CA2CBB /* Products */ = {
			isa = PBXGroup;
			children = (
				8D15AC370486D014006FF6A4 /* NicePlayer.app */,
			);
			name = Products;
			sourceTree = "<group>";
		};
		2513D20407BDA31600BB6055 /* Images */ = {
			isa = PBXGroup;
			children = (
				6974961F0B55F7A90030D4D2 /* titlebg.png */,
				25294AA7076E937E00D4B325 /* play_over.png */,
				3E9996CA06A50F1800D1898D /* volume_muted.png */,
				3E9996CB06A50F1800D1898D /* volume_with_sound.png */,
				3E8CC44F068AA1290034FCCC /* close-highlight.png */,
				3E8CC450068AA1290034FCCC /* close.png */,
				3E8CC451068AA1290034FCCC /* minimize-highlight.png */,
				3E8CC452068AA1290034FCCC /* minimize.png */,
				3E9E64800661B95900B788A8 /* pause.png */,
				3E9E64810661B95900B788A8 /* pauseClick.png */,
				3E9E62940661724600B788A8 /* scrubber.png */,
				3EC8C5FE065DD31F00988449 /* playClick.png */,
				3E085CBB065C79EE005286A3 /* play.png */,
				3EEDF761065B4CFF00E3545C /* black.png */,
			);
			name = Images;
			sourceTree = "<group>";
		};
		252BD45D07697C6A006CF96B /* app */ = {
			isa = PBXGroup;
			children = (
				3E28CCA20808E0F000F59FF5 /* NiceWindowController.h */,
				3E28CCA30808E0F000F59FF5 /* NiceWindowController.m */,
				3EEDF763065B507B00E3545C /* NiceWindow.h */,
				3EEDF764065B507B00E3545C /* NiceWindow.m */,
				3E01F2E8065E9C1D00905F96 /* MainWindowProxy.h */,
				3E01F2E9065E9C1D00905F96 /* MainWindowProxy.m */,
				259CC53707374066001ED5FA /* NPApplication.h */,
				259CC53807374066001ED5FA /* NPApplication.m */,
				3EEDF76B065B5ACD00E3545C /* NiceController.h */,
				3EEDF76C065B5ACD00E3545C /* NiceController.m */,
				2A37F4AEFDCFA73011CA2CEA /* NiceDocument.h */,
				2A37F4ACFDCFA73011CA2CEA /* NiceDocument.m */,
			);
			name = app;
			sourceTree = "<group>";
		};
		257D61370753F45800702BD0 /* viewer */ = {
			isa = PBXGroup;
			children = (
				257D61660753F92D00702BD0 /* NPMovieView.h */,
				257D61670753F92D00702BD0 /* NPMovieView.m */,
				257D61540753F7AD00702BD0 /* NPMovieProtocol.h */,
				25CC864E0831DA2A00027929 /* RCMovieView.h */,
				25CC864F0831DA2A00027929 /* RCMovieView.m */,
			);
			name = viewer;
			sourceTree = "<group>";
		};
		25B912D707416725001B68D9 /* widgets */ = {
			isa = PBXGroup;
			children = (
				25B913230741736A001B68D9 /* OverlaysControl.h */,
				25B913240741736A001B68D9 /* OverlaysControl.m */,
				3EDA2680065C8E570000CCEE /* OverlayWindow.h */,
				3EDA2681065C8E570000CCEE /* OverlayWindow.m */,
				3E95D49F06613F05008755D1 /* BlackWindow.h */,
				3E95D4A006613F05008755D1 /* BlackWindow.m */,
				252BDDD7076A4744006CF96B /* ControlPlay.h */,
				252BDDD8076A4744006CF96B /* ControlPlay.m */,
				3E9E628E0661708200B788A8 /* NiceScrubber.h */,
				3E9E628F0661708200B788A8 /* NiceScrubber.m */,
				3E110B61069BD80100C5800B /* ClickableTextField.h */,
				3E110B62069BD80100C5800B /* ClickableTextField.m */,
				3E9996D006A5101500D1898D /* VolumeView.h */,
				3E9996D106A5101500D1898D /* VolumeView.m */,
				697496100B55EA800030D4D2 /* OverlayTitleWindow.h */,
				697496110B55EA800030D4D2 /* OverlayTitleWindow.m */,
				6974971D0B56033F0030D4D2 /* TitleBackgroundView.h */,
				6974971E0B56033F0030D4D2 /* TitleBackgroundView.m */,
				6977CC650CE3DF8B00B4EBB6 /* NPScalingButton.h */,
				6977CD590CE3F63000B4EBB6 /* NPScalingButton.m */,
				6977CD6B0CE3F65A00B4EBB6 /* NPScalingButtonCell.h */,
				6977CD6C0CE3F65A00B4EBB6 /* NPScalingButtonCell.m */,
			);
			name = widgets;
			sourceTree = "<group>";
		};
		2A37F4AAFDCFA73011CA2CEA /* NicePlayer */ = {
			isa = PBXGroup;
			children = (
				2A37F4ABFDCFA73011CA2CEA /* src */,
				2A37F4B8FDCFA73011CA2CEA /* Resources */,
				2A37F4C3FDCFA73011CA2CEA /* Frameworks */,
				19C28FB0FE9D524F11CA2CBB /* Products */,
			);
			name = NicePlayer;
			sourceTree = "<group>";
		};
		2A37F4ABFDCFA73011CA2CEA /* src */ = {
			isa = PBXGroup;
			children = (
				252BD45D07697C6A006CF96B /* app */,
				257D61370753F45800702BD0 /* viewer */,
				25B912D707416725001B68D9 /* widgets */,
				2A37F4AFFDCFA73011CA2CEA /* util */,
			);
			name = src;
			sourceTree = "<group>";
		};
		2A37F4AFFDCFA73011CA2CEA /* util */ = {
			isa = PBXGroup;
			children = (
				2A37F4B0FDCFA73011CA2CEA /* main.m */,
				AA3952FD13FFEE2B008890EB /* ArrayExtras.h */,
				AA3952FE13FFEE2B008890EB /* ArrayExtras.m */,
				3EEB7DB7076B754F0090E740 /* NiceUtilities.h */,
				3EEB7DB8076B754F0090E740 /* NiceUtilities.m */,
				32DBCF750370BD2300C91783 /* NicePlayer_Prefix.pch */,
			);
			name = util;
			sourceTree = "<group>";
		};
		2A37F4B8FDCFA73011CA2CEA /* Resources */ = {
			isa = PBXGroup;
			children = (
				69257CFD111DD2A700C28210 /* NiceDocument.xib */,
				2513D20407BDA31600BB6055 /* Images */,
				3E8C96C1073EF4730048CB70 /* doc_icons */,
				3E452FF00664719D00BC91B0 /* NiceIcon.icns */,
				69257CF9111DD28300C28210 /* MainMenu.xib */,
				3E4DF83506630D50001B9AC5 /* Credits.html */,
				8D15AC360486D014006FF6A4 /* Info.plist */,
				089C165FFE840EACC02AAC07 /* InfoPlist.strings */,
			);
			name = Resources;
			sourceTree = "<group>";
		};
		2A37F4C3FDCFA73011CA2CEA /* Frameworks */ = {
			isa = PBXGroup;
			children = (
				1058C7A6FEA54F5311CA2CBB /* Linked Frameworks */,
				1058C7A8FEA54F5311CA2CBB /* Other Frameworks */,
			);
			name = Frameworks;
			sourceTree = "<group>";
		};
		3E8C96C1073EF4730048CB70 /* doc_icons */ = {
			isa = PBXGroup;
			children = (
				699464620CCC4D3800CE0AD3 /* gvi.icns */,
				69BCF5500B62C4C20000ABEF /* ogg.icns */,
				6925B3C90B61966E004D2A83 /* vdvd.icns */,
				69EFD1BB0B5C8E3400359BF4 /* divx.icns */,
				690B62790B5992B7008D13CE /* mkv.icns */,
				690B61160B5981A4008D13CE /* flv.icns */,
				3EFEF996086E6E50003E05C3 /* wmv.icns */,
				3E8C96C2073EF4730048CB70 /* 3gpp.icns */,
				3E8C96C3073EF4730048CB70 /* avi.icns */,
				3E8C96C4073EF4730048CB70 /* dv.icns */,
				3E8C96C5073EF4730048CB70 /* fli.icns */,
				3E8C96C6073EF4730048CB70 /* m2v.icns */,
				3E8C96C7073EF4730048CB70 /* mov.icns */,
				3E8C96C8073EF4730048CB70 /* mp4.icns */,
				3E8C96C9073EF4730048CB70 /* mpg.icns */,
				3E8C96CA073EF4730048CB70 /* swf.icns */,
			);
			name = doc_icons;
			path = Resources/doc_icons;
			sourceTree = "<group>";
		};
/* End PBXGroup section */

/* Begin PBXHeadersBuildPhase section */
		8D15AC280486D014006FF6A4 /* Headers */ = {
			isa = PBXHeadersBuildPhase;
			buildActionMask = 2147483647;
			files = (
				8D15AC290486D014006FF6A4 /* NicePlayer_Prefix.pch in Headers */,
				8D15AC2A0486D014006FF6A4 /* NiceDocument.h in Headers */,
				3EEDF765065B507B00E3545C /* NiceWindow.h in Headers */,
				3EEDF76D065B5ACD00E3545C /* NiceController.h in Headers */,
				3EDA2682065C8E570000CCEE /* OverlayWindow.h in Headers */,
				3E01F2EA065E9C1D00905F96 /* MainWindowProxy.h in Headers */,
				3E95D4A106613F05008755D1 /* BlackWindow.h in Headers */,
				3E9E62900661708200B788A8 /* NiceScrubber.h in Headers */,
				3E110B63069BD80100C5800B /* ClickableTextField.h in Headers */,
				3E9996D206A5101500D1898D /* VolumeView.h in Headers */,
				259CC53907374066001ED5FA /* NPApplication.h in Headers */,
				25B913250741736A001B68D9 /* OverlaysControl.h in Headers */,
				257D61560753F7AD00702BD0 /* NPMovieProtocol.h in Headers */,
				257D61680753F92D00702BD0 /* NPMovieView.h in Headers */,
				252BDDD9076A4744006CF96B /* ControlPlay.h in Headers */,
				3EEB7DBB076B754F0090E740 /* NiceUtilities.h in Headers */,
				3E28CCA40808E0F000F59FF5 /* NiceWindowController.h in Headers */,
				25CC86500831DA2A00027929 /* RCMovieView.h in Headers */,
				697496120B55EA800030D4D2 /* OverlayTitleWindow.h in Headers */,
				6974971F0B56033F0030D4D2 /* TitleBackgroundView.h in Headers */,
				6977CC670CE3DF8B00B4EBB6 /* NPScalingButton.h in Headers */,
				6977CD6D0CE3F65A00B4EBB6 /* NPScalingButtonCell.h in Headers */,
				AA3952FF13FFEE2B008890EB /* ArrayExtras.h in Headers */,
			);
			runOnlyForDeploymentPostprocessing = 0;
		};
/* End PBXHeadersBuildPhase section */

/* Begin PBXNativeTarget section */
		8D15AC270486D014006FF6A4 /* NicePlayer */ = {
			isa = PBXNativeTarget;
			buildConfigurationList = 251FEF6F0855184200D38B8E /* Build configuration list for PBXNativeTarget "NicePlayer" */;
			buildPhases = (
				8D15AC280486D014006FF6A4 /* Headers */,
				8D15AC2B0486D014006FF6A4 /* Resources */,
				8D15AC300486D014006FF6A4 /* Sources */,
				8D15AC330486D014006FF6A4 /* Frameworks */,
			);
			buildRules = (
			);
			dependencies = (
			);
			name = NicePlayer;
			productInstallPath = "$(HOME)/Applications";
			productName = NicePlayer;
			productReference = 8D15AC370486D014006FF6A4 /* NicePlayer.app */;
			productType = "com.apple.product-type.application";
		};
/* End PBXNativeTarget section */

/* Begin PBXProject section */
		2A37F4A9FDCFA73011CA2CEA /* Project object */ = {
			isa = PBXProject;
			attributes = {
				LastUpgradeCheck = 0410;
			};
			buildConfigurationList = 251FEF770855184200D38B8E /* Build configuration list for PBXProject "NicePlayer" */;
			compatibilityVersion = "Xcode 3.2";
			developmentRegion = English;
			hasScannedForEncodings = 1;
			knownRegions = (
				English,
				Japanese,
				French,
				German,
				Chinese,
				zh_CN,
			);
			mainGroup = 2A37F4AAFDCFA73011CA2CEA /* NicePlayer */;
			projectDirPath = "";
			projectRoot = "";
			targets = (
				8D15AC270486D014006FF6A4 /* NicePlayer */,
			);
		};
/* End PBXProject section */

/* Begin PBXResourcesBuildPhase section */
		8D15AC2B0486D014006FF6A4 /* Resources */ = {
			isa = PBXResourcesBuildPhase;
			buildActionMask = 2147483647;
			files = (
				8D15AC2F0486D014006FF6A4 /* InfoPlist.strings in Resources */,
				3EEDF762065B4CFF00E3545C /* black.png in Resources */,
				3E085CBC065C79EE005286A3 /* play.png in Resources */,
				3EC8C601065DD31F00988449 /* playClick.png in Resources */,
				3E9E62990661724600B788A8 /* scrubber.png in Resources */,
				3E9E64820661B95900B788A8 /* pause.png in Resources */,
				3E9E64830661B95900B788A8 /* pauseClick.png in Resources */,
				3E4DF83706630D50001B9AC5 /* Credits.html in Resources */,
				3E452FF10664719D00BC91B0 /* NiceIcon.icns in Resources */,
				3E8CC453068AA1290034FCCC /* close-highlight.png in Resources */,
				3E8CC454068AA1290034FCCC /* close.png in Resources */,
				3E8CC455068AA1290034FCCC /* minimize-highlight.png in Resources */,
				3E8CC456068AA1290034FCCC /* minimize.png in Resources */,
				3E9996CC06A50F1800D1898D /* volume_muted.png in Resources */,
				3E9996CD06A50F1800D1898D /* volume_with_sound.png in Resources */,
				3E8C96CB073EF4730048CB70 /* 3gpp.icns in Resources */,
				3E8C96CC073EF4730048CB70 /* avi.icns in Resources */,
				3E8C96CD073EF4730048CB70 /* dv.icns in Resources */,
				3E8C96CE073EF4730048CB70 /* fli.icns in Resources */,
				3E8C96CF073EF4730048CB70 /* m2v.icns in Resources */,
				3E8C96D0073EF4730048CB70 /* mov.icns in Resources */,
				3E8C96D1073EF4730048CB70 /* mp4.icns in Resources */,
				3E8C96D2073EF4730048CB70 /* mpg.icns in Resources */,
				3E8C96D3073EF4730048CB70 /* swf.icns in Resources */,
				25294AAA076E937E00D4B325 /* play_over.png in Resources */,
				3EFEF999086E6E50003E05C3 /* wmv.icns in Resources */,
				697496200B55F7A90030D4D2 /* titlebg.png in Resources */,
				690B61170B5981A4008D13CE /* flv.icns in Resources */,
				690B627A0B5992B7008D13CE /* mkv.icns in Resources */,
				69EFD1BC0B5C8E3400359BF4 /* divx.icns in Resources */,
				6925B3CA0B61966E004D2A83 /* vdvd.icns in Resources */,
				69BCF5510B62C4C20000ABEF /* ogg.icns in Resources */,
				699464630CCC4D3800CE0AD3 /* gvi.icns in Resources */,
				69257CFB111DD28300C28210 /* MainMenu.xib in Resources */,
				69257CFF111DD2A700C28210 /* NiceDocument.xib in Resources */,
			);
			runOnlyForDeploymentPostprocessing = 0;
		};
/* End PBXResourcesBuildPhase section */

/* Begin PBXSourcesBuildPhase section */
		8D15AC300486D014006FF6A4 /* Sources */ = {
			isa = PBXSourcesBuildPhase;
			buildActionMask = 2147483647;
			files = (
				8D15AC310486D014006FF6A4 /* NiceDocument.m in Sources */,
				8D15AC320486D014006FF6A4 /* main.m in Sources */,
				3EEDF766065B507B00E3545C /* NiceWindow.m in Sources */,
				3EEDF76E065B5ACD00E3545C /* NiceController.m in Sources */,
				3EDA2683065C8E570000CCEE /* OverlayWindow.m in Sources */,
				3E01F2EB065E9C1D00905F96 /* MainWindowProxy.m in Sources */,
				3E95D4A206613F05008755D1 /* BlackWindow.m in Sources */,
				3E9E62910661708200B788A8 /* NiceScrubber.m in Sources */,
				3E110B64069BD80100C5800B /* ClickableTextField.m in Sources */,
				3E9996D306A5101500D1898D /* VolumeView.m in Sources */,
				259CC53A07374066001ED5FA /* NPApplication.m in Sources */,
				25B913260741736A001B68D9 /* OverlaysControl.m in Sources */,
				257D61690753F92D00702BD0 /* NPMovieView.m in Sources */,
				252BDDDA076A4744006CF96B /* ControlPlay.m in Sources */,
				3EEB7DBC076B754F0090E740 /* NiceUtilities.m in Sources */,
				3E28CCA50808E0F000F59FF5 /* NiceWindowController.m in Sources */,
				25CC86510831DA2A00027929 /* RCMovieView.m in Sources */,
				697496130B55EA800030D4D2 /* OverlayTitleWindow.m in Sources */,
				697497200B56033F0030D4D2 /* TitleBackgroundView.m in Sources */,
				6977CD5A0CE3F63000B4EBB6 /* NPScalingButton.m in Sources */,
				6977CD6E0CE3F65A00B4EBB6 /* NPScalingButtonCell.m in Sources */,
				AA39530013FFEE2B008890EB /* ArrayExtras.m in Sources */,
			);
			runOnlyForDeploymentPostprocessing = 0;
		};
/* End PBXSourcesBuildPhase section */

/* Begin PBXVariantGroup section */
		089C165FFE840EACC02AAC07 /* InfoPlist.strings */ = {
			isa = PBXVariantGroup;
			children = (
				089C1660FE840EACC02AAC07 /* English */,
			);
			name = InfoPlist.strings;
			sourceTree = "<group>";
		};
		3E4DF83506630D50001B9AC5 /* Credits.html */ = {
			isa = PBXVariantGroup;
			children = (
				3E4DF83606630D50001B9AC5 /* English */,
			);
			name = Credits.html;
			sourceTree = "<group>";
		};
		69257CF9111DD28300C28210 /* MainMenu.xib */ = {
			isa = PBXVariantGroup;
			children = (
				69257CFA111DD28300C28210 /* English */,
			);
			name = MainMenu.xib;
			sourceTree = "<group>";
		};
		69257CFD111DD2A700C28210 /* NiceDocument.xib */ = {
			isa = PBXVariantGroup;
			children = (
				69257CFE111DD2A700C28210 /* English */,
			);
			name = NiceDocument.xib;
			sourceTree = "<group>";
		};
/* End PBXVariantGroup section */

/* Begin XCBuildConfiguration section */
		251FEF700855184200D38B8E /* Debug */ = {
			isa = XCBuildConfiguration;
			buildSettings = {
				ARCHS = "$(ARCHS_STANDARD_32_64_BIT)";
				BUILD_VARIANTS = normal;
				COPY_PHASE_STRIP = NO;
				DEBUGGING_SYMBOLS = YES;
				DEPLOYMENT_POSTPROCESSING = YES;
				FRAMEWORK_SEARCH_PATHS = (
					"$(FRAMEWORK_SEARCH_PATHS)",
					"$(BUILD_PRODUCTS_DIR)",
					"$(SRCROOT)/Libraries",
				);
				GCC_C_LANGUAGE_STANDARD = gnu99;
				GCC_DYNAMIC_NO_PIC = NO;
				GCC_ENABLE_OBJC_EXCEPTIONS = YES;
				GCC_ENABLE_OBJC_GC = unsupported;
				GCC_ENABLE_TRIGRAPHS = NO;
				GCC_GENERATE_DEBUGGING_SYMBOLS = YES;
				GCC_OPTIMIZATION_LEVEL = 0;
				GCC_PRECOMPILE_PREFIX_HEADER = YES;
				GCC_PREFIX_HEADER = NicePlayer_Prefix.pch;
				GCC_PREPROCESSOR_DEFINITIONS = "";
				GCC_WARN_ABOUT_MISSING_PROTOTYPES = NO;
				GCC_WARN_CHECK_SWITCH_STATEMENTS = YES;
				GCC_WARN_FOUR_CHARACTER_CONSTANTS = NO;
				GCC_WARN_MISSING_PARENTHESES = YES;
				GCC_WARN_SHADOW = YES;
				GCC_WARN_SIGN_COMPARE = YES;
				GCC_WARN_UNKNOWN_PRAGMAS = NO;
				GCC_WARN_UNUSED_FUNCTION = YES;
				GCC_WARN_UNUSED_PARAMETER = NO;
				GCC_WARN_UNUSED_VALUE = YES;
				GCC_WARN_UNUSED_VARIABLE = YES;
				INFOPLIST_FILE = Info.plist;
				INSTALL_PATH = "$(HOME)/Applications";
				MACOSX_DEPLOYMENT_TARGET = 10.5;
				OTHER_LDFLAGS = (
					"-sectcreate",
					__TEXT,
					__info_plist,
					Info.plist,
				);
				PRODUCT_NAME = NicePlayer;
				RUN_CLANG_STATIC_ANALYZER = YES;
				SDKROOT = macosx;
				SECTORDER_FLAGS = "";
				WARNING_CFLAGS = (
					"-Wmost",
					"-Wno-four-char-constants",
					"-Wno-unknown-pragmas",
					"-Wno-protocol",
					"-Wno-trigraphs",
				);
				WRAPPER_EXTENSION = app;
				ZERO_LINK = NO;
			};
			name = Debug;
		};
		251FEF710855184200D38B8E /* Release */ = {
			isa = XCBuildConfiguration;
			buildSettings = {
				ARCHS = "$(ARCHS_STANDARD_32_64_BIT)";
				COPY_PHASE_STRIP = YES;
				DEPLOYMENT_POSTPROCESSING = YES;
				FRAMEWORK_SEARCH_PATHS = (
					"$(BUILD_PRODUCTS_DIR)",
					"$(SRCROOT)/Libraries",
				);
				GCC_C_LANGUAGE_STANDARD = gnu99;
				GCC_ENABLE_OBJC_EXCEPTIONS = YES;
				GCC_ENABLE_OBJC_GC = unsupported;
				GCC_ENABLE_TRIGRAPHS = NO;
				GCC_GENERATE_DEBUGGING_SYMBOLS = NO;
				GCC_PRECOMPILE_PREFIX_HEADER = YES;
				GCC_PREFIX_HEADER = NicePlayer_Prefix.pch;
				GCC_PREPROCESSOR_DEFINITIONS = "";
				GCC_WARN_ABOUT_MISSING_PROTOTYPES = NO;
				GCC_WARN_CHECK_SWITCH_STATEMENTS = YES;
				GCC_WARN_FOUR_CHARACTER_CONSTANTS = NO;
				GCC_WARN_MISSING_PARENTHESES = YES;
				GCC_WARN_SHADOW = YES;
				GCC_WARN_SIGN_COMPARE = YES;
				GCC_WARN_UNKNOWN_PRAGMAS = NO;
				GCC_WARN_UNUSED_FUNCTION = YES;
				GCC_WARN_UNUSED_PARAMETER = NO;
				GCC_WARN_UNUSED_VALUE = YES;
				GCC_WARN_UNUSED_VARIABLE = YES;
				INFOPLIST_FILE = Info.plist;
				INSTALL_PATH = "$(HOME)/Applications";
				MACOSX_DEPLOYMENT_TARGET = 10.5;
				OTHER_LDFLAGS = (
					"-sectcreate",
					__TEXT,
					__info_plist,
					Info.plist,
				);
				PRODUCT_NAME = NicePlayer;
				RUN_CLANG_STATIC_ANALYZER = YES;
				SDKROOT = macosx;
				SECTORDER_FLAGS = "";
				WARNING_CFLAGS = (
					"-Wmost",
					"-Wno-four-char-constants",
					"-Wno-unknown-pragmas",
					"-Wno-protocol",
					"-Wno-trigraphs",
				);
				WRAPPER_EXTENSION = app;
				ZERO_LINK = NO;
			};
			name = Release;
		};
		251FEF780855184200D38B8E /* Debug */ = {
			isa = XCBuildConfiguration;
			buildSettings = {
				ARCHS = "$(ARCHS_STANDARD_32_BIT)";
				MACOSX_DEPLOYMENT_TARGET = 10.5;
				OTHER_CFLAGS = "-D__DEBUG__=1";
				SDKROOT = "$(DEVELOPER_SDK_DIR)/MacOSX10.5.sdk";
				STRIP_INSTALLED_PRODUCT = NO;
				VALID_ARCHS = "i386 ppc";
				WARNING_CFLAGS = "-Wtrigraphs";
			};
			name = Debug;
		};
		251FEF790855184200D38B8E /* Release */ = {
			isa = XCBuildConfiguration;
			buildSettings = {
				ARCHS = "$(ARCHS_STANDARD_32_BIT)";
				MACOSX_DEPLOYMENT_TARGET = 10.5;
				SDKROOT = "$(DEVELOPER_SDK_DIR)/MacOSX10.5.sdk";
				VALID_ARCHS = "i386 ppc";
				WARNING_CFLAGS = "-Wtrigraphs";
			};
			name = Release;
		};
/* End XCBuildConfiguration section */

/* Begin XCConfigurationList section */
		251FEF6F0855184200D38B8E /* Build configuration list for PBXNativeTarget "NicePlayer" */ = {
			isa = XCConfigurationList;
			buildConfigurations = (
				251FEF700855184200D38B8E /* Debug */,
				251FEF710855184200D38B8E /* Release */,
			);
			defaultConfigurationIsVisible = 0;
			defaultConfigurationName = Debug;
		};
		251FEF770855184200D38B8E /* Build configuration list for PBXProject "NicePlayer" */ = {
			isa = XCConfigurationList;
			buildConfigurations = (
				251FEF780855184200D38B8E /* Debug */,
				251FEF790855184200D38B8E /* Release */,
			);
			defaultConfigurationIsVisible = 0;
			defaultConfigurationName = Debug;
		};
/* End XCConfigurationList section */
	};
	rootObject = 2A37F4A9FDCFA73011CA2CEA /* Project object */;
}
